Microsoft Visual Studio Solution File, Format Version 11.00
# Visual Studio 2008

Project("{E9CB2176-9708-8A98-B193-7D111D936281}") = "Attachment", "Assembly-CSharp-firstpass.csproj", "{EC7CF216-E510-BE45-4E53-41C820EE42C5}"
EndProject
Project("{E9CB2176-9708-8A98-B193-7D111D936281}") = "Attachment", "Assembly-CSharp.csproj", "{A5507DB7-15D9-D2F7-E546-4C2F719C9007}"
EndProject
Project("{E9CB2176-9708-8A98-B193-7D111D936281}") = "Attachment", "Assembly-CSharp-Editor.csproj", "{292832B8-DE18-BA1C-F142-9A2ED0F2E9CD}"
EndProject
Global
	GlobalSection(SolutionConfigurationPlatforms) = preSolution
		Debug|Any CPU = Debug|Any CPU
		Release|Any CPU = Release|Any CPU
	EndGlobalSection
	GlobalSection(ProjectConfigurationPlatforms) = postSolution
		{EC7CF216-E510-BE45-4E53-41C820EE42C5}.Debug|Any CPU.ActiveCfg = Debug|Any CPU
		{EC7CF216-E510-BE45-4E53-41C820EE42C5}.Debug|Any CPU.Build.0 = Debug|Any CPU
		{EC7CF216-E510-BE45-4E53-41C820EE42C5}.Release|Any CPU.ActiveCfg = Release|Any CPU
		{EC7CF216-E510-BE45-4E53-41C820EE42C5}.Release|Any CPU.Build.0 = Release|Any CPU
		{A5507DB7-15D9-D2F7-E546-4C2F719C9007}.Debug|Any CPU.ActiveCfg = Debug|Any CPU
		{A5507DB7-15D9-D2F7-E546-4C2F719C9007}.Debug|Any CPU.Build.0 = Debug|Any CPU
		{A5507DB7-15D9-D2F7-E546-4C2F719C9007}.Release|Any CPU.ActiveCfg = Release|Any CPU
		{A5507DB7-15D9-D2F7-E546-4C2F719C9007}.Release|Any CPU.Build.0 = Release|Any CPU
		{292832B8-DE18-BA1C-F142-9A2ED0F2E9CD}.Debug|Any CPU.ActiveCfg = Debug|Any CPU
		{292832B8-DE18-BA1C-F142-9A2ED0F2E9CD}.Debug|Any CPU.Build.0 = Debug|Any CPU
		{292832B8-DE18-BA1C-F142-9A2ED0F2E9CD}.Release|Any CPU.ActiveCfg = Release|Any CPU
		{292832B8-DE18-BA1C-F142-9A2ED0F2E9CD}.Release|Any CPU.Build.0 = Release|Any CPU
	EndGlobalSection
	GlobalSection(SolutionProperties) = preSolution
		HideSolutionNode = FALSE
	EndGlobalSection
	GlobalSection(MonoDevelopProperties) = preSolution
		StartupItem = Assembly-CSharp.csproj
	EndGlobalSection
EndGlobal
